
Microsoft Visual Studio Solution File, Format Version 12.00
# Visual Studio Version 17
VisualStudioVersion = 17.11.35327.3
MinimumVisualStudioVersion = 10.0.40219.1
Project("{FAE04EC0-301F-11D3-BF4B-00C04F79EFBC}") = "ASP.NET Assignment", "ASP.NET Assignment\ASP.NET Assignment.csproj", "{6896D727-DD3A-4579-B248-74AFE43AE8E9}"
EndProject
Project("{FAE04EC0-301F-11D3-BF4B-00C04F79EFBC}") = "OrderProcessing.Tests", "OrderProcessing.Tests\OrderProcessing.Tests.csproj", "{A58F0604-8DE4-4343-9E86-9D71940B922D}"
EndProject
Global
	GlobalSection(SolutionConfigurationPlatforms) = preSolution
		Debug|Any CPU = Debug|Any CPU
		Release|Any CPU = Release|Any CPU
	EndGlobalSection
	GlobalSection(ProjectConfigurationPlatforms) = postSolution
		{6896D727-DD3A-4579-B248-74AFE43AE8E9}.Debug|Any CPU.ActiveCfg = Debug|Any CPU
		{6896D727-DD3A-4579-B248-74AFE43AE8E9}.Debug|Any CPU.Build.0 = Debug|Any CPU
		{6896D727-DD3A-4579-B248-74AFE43AE8E9}.Release|Any CPU.ActiveCfg = Release|Any CPU
		{6896D727-DD3A-4579-B248-74AFE43AE8E9}.Release|Any CPU.Build.0 = Release|Any CPU
		{A58F0604-8DE4-4343-9E86-9D71940B922D}.Debug|Any CPU.ActiveCfg = Debug|Any CPU
		{A58F0604-8DE4-4343-9E86-9D71940B922D}.Debug|Any CPU.Build.0 = Debug|Any CPU
		{A58F0604-8DE4-4343-9E86-9D71940B922D}.Release|Any CPU.ActiveCfg = Release|Any CPU
		{A58F0604-8DE4-4343-9E86-9D71940B922D}.Release|Any CPU.Build.0 = Release|Any CPU
	EndGlobalSection
	GlobalSection(SolutionProperties) = preSolution
		HideSolutionNode = FALSE
	EndGlobalSection
	GlobalSection(ExtensibilityGlobals) = postSolution
		SolutionGuid = {7BD1518A-B9F3-41F6-9C55-22576F8D92D8}
	EndGlobalSection
EndGlobal
